# THIS IS AN AUTOGENERATED FILE. DO NOT EDIT THIS FILE DIRECTLY.
# yarn lockfile v1


batch@~0.3.2:
  version "0.3.2"
  resolved "https://registry.yarnpkg.com/batch/-/batch-0.3.2.tgz#8f802c1358be2b33535f8808e0a23c9f0075733b"

gps@^0.4.7:
  version "0.4.7"
  resolved "https://registry.yarnpkg.com/gps/-/gps-0.4.7.tgz#a4be23b995596bf6cee92ed54a50a3b466412476"

sox@^0.1.0:
  version "0.1.0"
  resolved "https://registry.yarnpkg.com/sox/-/sox-0.1.0.tgz#a684dcc69aef057c241d4a20e6eb6004a3245560"
  dependencies:
    batch "~0.3.2"
